
Microsoft Visual Studio Solution File, Format Version 12.00
# Visual Studio Version 17
VisualStudioVersion = 17.8.34330.188
MinimumVisualStudioVersion = 10.0.40219.1
Project("{2150E333-8FDC-42A3-9474-1A3956D46DE8}") = "ArrayImplementation", "ArrayImplementation", "{769490A3-5455-421B-90AA-C4FDE1AF4F3F}"
EndProject
Project("{8BC9CEB8-8B4A-11D0-8D11-00A0C91BC942}") = "RemoveElements", "RemoveElements\RemoveElements.vcxproj", "{F2CA5B4E-E828-46E0-A17D-4AD27EFA5473}"
EndProject
Project("{8BC9CEB8-8B4A-11D0-8D11-00A0C91BC942}") = "Arrays", "Arrays\Arrays.vcxproj", "{AE04060F-F159-4530-9D7D-192AE9F6988C}"
EndProject
Project("{8BC9CEB8-8B4A-11D0-8D11-00A0C91BC942}") = "MergeArray", "MergeArray\MergeArray.vcxproj", "{57C9960D-591A-4CFA-8FA9-DBD1F8663707}"
EndProject
Project("{8BC9CEB8-8B4A-11D0-8D11-00A0C91BC942}") = "MoveZeroes", "MoveZeroes\MoveZeroes.vcxproj", "{0D6BF6F1-6421-4D7A-A2F0-5AF300C5F93F}"
EndProject
Project("{8BC9CEB8-8B4A-11D0-8D11-00A0C91BC942}") = "ReverseString", "ReverseString\ReverseString.vcxproj", "{06B168A0-9378-4C09-83CE-D42812B862B7}"
EndProject
Project("{8BC9CEB8-8B4A-11D0-8D11-00A0C91BC942}") = "SearchArrayElement", "SearchArrayElement\SearchArrayElement.vcxproj", "{B19D5A53-9C15-4CF0-813B-8412B6218E7B}"
EndProject
Global
	GlobalSection(SolutionConfigurationPlatforms) = preSolution
		Debug|x64 = Debug|x64
		Debug|x86 = Debug|x86
		Release|x64 = Release|x64
		Release|x86 = Release|x86
	EndGlobalSection
	GlobalSection(ProjectConfigurationPlatforms) = postSolution
		{F2CA5B4E-E828-46E0-A17D-4AD27EFA5473}.Debug|x64.ActiveCfg = Debug|x64
		{F2CA5B4E-E828-46E0-A17D-4AD27EFA5473}.Debug|x64.Build.0 = Debug|x64
		{F2CA5B4E-E828-46E0-A17D-4AD27EFA5473}.Debug|x86.ActiveCfg = Debug|Win32
		{F2CA5B4E-E828-46E0-A17D-4AD27EFA5473}.Debug|x86.Build.0 = Debug|Win32
		{F2CA5B4E-E828-46E0-A17D-4AD27EFA5473}.Release|x64.ActiveCfg = Release|x64
		{F2CA5B4E-E828-46E0-A17D-4AD27EFA5473}.Release|x64.Build.0 = Release|x64
		{F2CA5B4E-E828-46E0-A17D-4AD27EFA5473}.Release|x86.ActiveCfg = Release|Win32
		{F2CA5B4E-E828-46E0-A17D-4AD27EFA5473}.Release|x86.Build.0 = Release|Win32
		{AE04060F-F159-4530-9D7D-192AE9F6988C}.Debug|x64.ActiveCfg = Debug|x64
		{AE04060F-F159-4530-9D7D-192AE9F6988C}.Debug|x64.Build.0 = Debug|x64
		{AE04060F-F159-4530-9D7D-192AE9F6988C}.Debug|x86.ActiveCfg = Debug|Win32
		{AE04060F-F159-4530-9D7D-192AE9F6988C}.Debug|x86.Build.0 = Debug|Win32
		{AE04060F-F159-4530-9D7D-192AE9F6988C}.Release|x64.ActiveCfg = Release|x64
		{AE04060F-F159-4530-9D7D-192AE9F6988C}.Release|x64.Build.0 = Release|x64
		{AE04060F-F159-4530-9D7D-192AE9F6988C}.Release|x86.ActiveCfg = Release|Win32
		{AE04060F-F159-4530-9D7D-192AE9F6988C}.Release|x86.Build.0 = Release|Win32
		{57C9960D-591A-4CFA-8FA9-DBD1F8663707}.Debug|x64.ActiveCfg = Debug|x64
		{57C9960D-591A-4CFA-8FA9-DBD1F8663707}.Debug|x64.Build.0 = Debug|x64
		{57C9960D-591A-4CFA-8FA9-DBD1F8663707}.Debug|x86.ActiveCfg = Debug|Win32
		{57C9960D-591A-4CFA-8FA9-DBD1F8663707}.Debug|x86.Build.0 = Debug|Win32
		{57C9960D-591A-4CFA-8FA9-DBD1F8663707}.Release|x64.ActiveCfg = Release|x64
		{57C9960D-591A-4CFA-8FA9-DBD1F8663707}.Release|x64.Build.0 = Release|x64
		{57C9960D-591A-4CFA-8FA9-DBD1F8663707}.Release|x86.ActiveCfg = Release|Win32
		{57C9960D-591A-4CFA-8FA9-DBD1F8663707}.Release|x86.Build.0 = Release|Win32
		{0D6BF6F1-6421-4D7A-A2F0-5AF300C5F93F}.Debug|x64.ActiveCfg = Debug|x64
		{0D6BF6F1-6421-4D7A-A2F0-5AF300C5F93F}.Debug|x64.Build.0 = Debug|x64
		{0D6BF6F1-6421-4D7A-A2F0-5AF300C5F93F}.Debug|x86.ActiveCfg = Debug|Win32
		{0D6BF6F1-6421-4D7A-A2F0-5AF300C5F93F}.Debug|x86.Build.0 = Debug|Win32
		{0D6BF6F1-6421-4D7A-A2F0-5AF300C5F93F}.Release|x64.ActiveCfg = Release|x64
		{0D6BF6F1-6421-4D7A-A2F0-5AF300C5F93F}.Release|x64.Build.0 = Release|x64
		{0D6BF6F1-6421-4D7A-A2F0-5AF300C5F93F}.Release|x86.ActiveCfg = Release|Win32
		{0D6BF6F1-6421-4D7A-A2F0-5AF300C5F93F}.Release|x86.Build.0 = Release|Win32
		{06B168A0-9378-4C09-83CE-D42812B862B7}.Debug|x64.ActiveCfg = Debug|x64
		{06B168A0-9378-4C09-83CE-D42812B862B7}.Debug|x64.Build.0 = Debug|x64
		{06B168A0-9378-4C09-83CE-D42812B862B7}.Debug|x86.ActiveCfg = Debug|Win32
		{06B168A0-9378-4C09-83CE-D42812B862B7}.Debug|x86.Build.0 = Debug|Win32
		{06B168A0-9378-4C09-83CE-D42812B862B7}.Release|x64.ActiveCfg = Release|x64
		{06B168A0-9378-4C09-83CE-D42812B862B7}.Release|x64.Build.0 = Release|x64
		{06B168A0-9378-4C09-83CE-D42812B862B7}.Release|x86.ActiveCfg = Release|Win32
		{06B168A0-9378-4C09-83CE-D42812B862B7}.Release|x86.Build.0 = Release|Win32
		{B19D5A53-9C15-4CF0-813B-8412B6218E7B}.Debug|x64.ActiveCfg = Debug|x64
		{B19D5A53-9C15-4CF0-813B-8412B6218E7B}.Debug|x64.Build.0 = Debug|x64
		{B19D5A53-9C15-4CF0-813B-8412B6218E7B}.Debug|x86.ActiveCfg = Debug|Win32
		{B19D5A53-9C15-4CF0-813B-8412B6218E7B}.Debug|x86.Build.0 = Debug|Win32
		{B19D5A53-9C15-4CF0-813B-8412B6218E7B}.Release|x64.ActiveCfg = Release|x64
		{B19D5A53-9C15-4CF0-813B-8412B6218E7B}.Release|x64.Build.0 = Release|x64
		{B19D5A53-9C15-4CF0-813B-8412B6218E7B}.Release|x86.ActiveCfg = Release|Win32
		{B19D5A53-9C15-4CF0-813B-8412B6218E7B}.Release|x86.Build.0 = Release|Win32
	EndGlobalSection
	GlobalSection(SolutionProperties) = preSolution
		HideSolutionNode = FALSE
	EndGlobalSection
	GlobalSection(NestedProjects) = preSolution
		{F2CA5B4E-E828-46E0-A17D-4AD27EFA5473} = {769490A3-5455-421B-90AA-C4FDE1AF4F3F}
		{AE04060F-F159-4530-9D7D-192AE9F6988C} = {769490A3-5455-421B-90AA-C4FDE1AF4F3F}
		{57C9960D-591A-4CFA-8FA9-DBD1F8663707} = {769490A3-5455-421B-90AA-C4FDE1AF4F3F}
		{0D6BF6F1-6421-4D7A-A2F0-5AF300C5F93F} = {769490A3-5455-421B-90AA-C4FDE1AF4F3F}
		{06B168A0-9378-4C09-83CE-D42812B862B7} = {769490A3-5455-421B-90AA-C4FDE1AF4F3F}
		{B19D5A53-9C15-4CF0-813B-8412B6218E7B} = {769490A3-5455-421B-90AA-C4FDE1AF4F3F}
	EndGlobalSection
	GlobalSection(ExtensibilityGlobals) = postSolution
		SolutionGuid = {7D426178-7866-4C27-B5FA-BFB0B95F1574}
	EndGlobalSection
EndGlobal
