
Microsoft Visual Studio Solution File, Format Version 12.00
# Visual Studio Version 17
VisualStudioVersion = 17.8.34330.188
MinimumVisualStudioVersion = 10.0.40219.1
Project("{2150E333-8FDC-42A3-9474-1A3956D46DE8}") = "Array", "Array", "{769490A3-5455-421B-90AA-C4FDE1AF4F3F}"
EndProject
Project("{8BC9CEB8-8B4A-11D0-8D11-00A0C91BC942}") = "RemoveElements", "RemoveElements\RemoveElements.vcxproj", "{F2CA5B4E-E828-46E0-A17D-4AD27EFA5473}"
EndProject
Project("{8BC9CEB8-8B4A-11D0-8D11-00A0C91BC942}") = "Arrays", "Arrays\Arrays.vcxproj", "{AE04060F-F159-4530-9D7D-192AE9F6988C}"
EndProject
Project("{8BC9CEB8-8B4A-11D0-8D11-00A0C91BC942}") = "MergeArray", "MergeArray\MergeArray.vcxproj", "{57C9960D-591A-4CFA-8FA9-DBD1F8663707}"
EndProject
Project("{8BC9CEB8-8B4A-11D0-8D11-00A0C91BC942}") = "MoveZeroes", "MoveZeroes\MoveZeroes.vcxproj", "{0D6BF6F1-6421-4D7A-A2F0-5AF300C5F93F}"
EndProject
Project("{8BC9CEB8-8B4A-11D0-8D11-00A0C91BC942}") = "ReverseString", "ReverseString\ReverseString.vcxproj", "{06B168A0-9378-4C09-83CE-D42812B862B7}"
EndProject
Project("{8BC9CEB8-8B4A-11D0-8D11-00A0C91BC942}") = "SearchArrayElement", "SearchArrayElement\SearchArrayElement.vcxproj", "{B19D5A53-9C15-4CF0-813B-8412B6218E7B}"
EndProject
Project("{8BC9CEB8-8B4A-11D0-8D11-00A0C91BC942}") = "ArrayCompare", "ArrayCompare\ArrayCompare.vcxproj", "{56B7EEC2-E5B6-46FD-A99B-50F9A9B3613B}"
EndProject
Project("{8BC9CEB8-8B4A-11D0-8D11-00A0C91BC942}") = "FindPairs", "FindPairs\FindPairs.vcxproj", "{E7AC9B08-B862-4F0B-A294-1D512C28E25C}"
EndProject
Project("{2150E333-8FDC-42A3-9474-1A3956D46DE8}") = "LinkedList", "LinkedList", "{CDE4EAD5-D452-4AA7-9DE0-B4CB92EF563F}"
EndProject
Project("{8BC9CEB8-8B4A-11D0-8D11-00A0C91BC942}") = "LinkedLists", "LinkedLists\LinkedLists.vcxproj", "{8698F7DB-CFE9-4669-BBE6-42EBB05E86BB}"
EndProject
Project("{8BC9CEB8-8B4A-11D0-8D11-00A0C91BC942}") = "CircularSinglyLinkedList", "CircularSinglyLinkedList\CircularSinglyLinkedList.vcxproj", "{7105D227-B9CF-4A35-B543-B5FF31F1B4F7}"
EndProject
Project("{2150E333-8FDC-42A3-9474-1A3956D46DE8}") = "Stack", "Stack", "{D9EA312A-3BB1-40E6-A41F-9B62B8D43BC9}"
EndProject
Project("{8BC9CEB8-8B4A-11D0-8D11-00A0C91BC942}") = "StackArray", "StackArray\StackArray.vcxproj", "{A7C7BA2D-3771-4B99-9DFD-4C09AFA27344}"
EndProject
Project("{8BC9CEB8-8B4A-11D0-8D11-00A0C91BC942}") = "StackLinkedList", "StackLinkedList\StackLinkedList.vcxproj", "{01B029B6-6D06-47C5-B2D7-464C26D54F16}"
EndProject
Project("{8BC9CEB8-8B4A-11D0-8D11-00A0C91BC942}") = "DoubleLinkedList", "DoubleLinkedList\DoubleLinkedList.vcxproj", "{B8A0A402-593E-4923-8AD4-5DCD1DFDF4F2}"
EndProject
Project("{2150E333-8FDC-42A3-9474-1A3956D46DE8}") = "Queue", "Queue", "{51A61E13-27BD-4237-BCA5-E9DB36615450}"
EndProject
Project("{8BC9CEB8-8B4A-11D0-8D11-00A0C91BC942}") = "QueueStack", "QueueStack\QueueStack.vcxproj", "{F817524C-BE05-42B4-BB4C-6C79E34C02C4}"
EndProject
Project("{8BC9CEB8-8B4A-11D0-8D11-00A0C91BC942}") = "QueueLinkedList", "QueueLinkedList\QueueLinkedList.vcxproj", "{E0F6DDC6-B1B7-487F-B37F-FE528D4A47E4}"
EndProject
Project("{2150E333-8FDC-42A3-9474-1A3956D46DE8}") = "Hash", "Hash", "{D36FE306-D99B-4362-AA00-687F8FE654A4}"
EndProject
Project("{8BC9CEB8-8B4A-11D0-8D11-00A0C91BC942}") = "Hash", "Hash\Hash.vcxproj", "{99999BFB-D48D-42ED-8B1F-A331E5EF6967}"
EndProject
Project("{8BC9CEB8-8B4A-11D0-8D11-00A0C91BC942}") = "FirstRecurring", "FirstRecurring\FirstRecurring.vcxproj", "{DEBAB585-EC92-4EB5-B77D-54F1A7DBB877}"
EndProject
Project("{2150E333-8FDC-42A3-9474-1A3956D46DE8}") = "Tree", "Tree", "{2882435F-8A05-4095-AA01-9643787E301A}"
EndProject
Project("{8BC9CEB8-8B4A-11D0-8D11-00A0C91BC942}") = "BinarySearchTree", "BinarySearchTree\BinarySearchTree.vcxproj", "{B0527266-9F53-4AC2-9914-920902702341}"
EndProject
Project("{8BC9CEB8-8B4A-11D0-8D11-00A0C91BC942}") = "PriorityQueue", "PriorityQueue\PriorityQueue.vcxproj", "{DF9659E1-AC13-4C5D-91B6-BA7451D3A4B9}"
EndProject
Project("{2150E333-8FDC-42A3-9474-1A3956D46DE8}") = "Graph", "Graph", "{392FAA6E-928A-4BCF-A651-1DCA1C0D8B7F}"
EndProject
Project("{8BC9CEB8-8B4A-11D0-8D11-00A0C91BC942}") = "Graph", "Graph\Graph.vcxproj", "{BE085671-14AC-4D9C-9BBA-C993B0B2068A}"
EndProject
Project("{8BC9CEB8-8B4A-11D0-8D11-00A0C91BC942}") = "GraphColoring", "GraphColoring\GraphColoring.vcxproj", "{6C19E243-1C43-4FA4-9616-236515A99DF3}"
EndProject
Project("{2150E333-8FDC-42A3-9474-1A3956D46DE8}") = "DataStructures", "DataStructures", "{72B63BCF-9E34-4EBC-BE9F-F9CF3DB3851B}"
EndProject
Project("{2150E333-8FDC-42A3-9474-1A3956D46DE8}") = "AlgorithmS", "AlgorithmS", "{FBBBECD0-36DE-4DEE-A748-F646A8EB1523}"
EndProject
Project("{2150E333-8FDC-42A3-9474-1A3956D46DE8}") = "Sort", "Sort", "{08075602-8058-401C-980D-062DA99EC523}"
EndProject
Project("{8BC9CEB8-8B4A-11D0-8D11-00A0C91BC942}") = "BubbleSort", "BubbleSort\BubbleSort.vcxproj", "{32564532-16D7-49E6-9ABF-0C5B708EF428}"
EndProject
Project("{8BC9CEB8-8B4A-11D0-8D11-00A0C91BC942}") = "SelectionSort", "SelectionSort\SelectionSort.vcxproj", "{4A48FD16-0C7C-459D-878B-A90034B4D41C}"
EndProject
Project("{8BC9CEB8-8B4A-11D0-8D11-00A0C91BC942}") = "InsertSort", "InsertSort\InsertSort.vcxproj", "{61B3F574-90CC-4A70-A8CC-25CE8BCDE2BC}"
EndProject
Global
	GlobalSection(SolutionConfigurationPlatforms) = preSolution
		Debug|x64 = Debug|x64
		Debug|x86 = Debug|x86
		Release|x64 = Release|x64
		Release|x86 = Release|x86
	EndGlobalSection
	GlobalSection(ProjectConfigurationPlatforms) = postSolution
		{F2CA5B4E-E828-46E0-A17D-4AD27EFA5473}.Debug|x64.ActiveCfg = Debug|x64
		{F2CA5B4E-E828-46E0-A17D-4AD27EFA5473}.Debug|x64.Build.0 = Debug|x64
		{F2CA5B4E-E828-46E0-A17D-4AD27EFA5473}.Debug|x86.ActiveCfg = Debug|Win32
		{F2CA5B4E-E828-46E0-A17D-4AD27EFA5473}.Debug|x86.Build.0 = Debug|Win32
		{F2CA5B4E-E828-46E0-A17D-4AD27EFA5473}.Release|x64.ActiveCfg = Release|x64
		{F2CA5B4E-E828-46E0-A17D-4AD27EFA5473}.Release|x64.Build.0 = Release|x64
		{F2CA5B4E-E828-46E0-A17D-4AD27EFA5473}.Release|x86.ActiveCfg = Release|Win32
		{F2CA5B4E-E828-46E0-A17D-4AD27EFA5473}.Release|x86.Build.0 = Release|Win32
		{AE04060F-F159-4530-9D7D-192AE9F6988C}.Debug|x64.ActiveCfg = Debug|x64
		{AE04060F-F159-4530-9D7D-192AE9F6988C}.Debug|x64.Build.0 = Debug|x64
		{AE04060F-F159-4530-9D7D-192AE9F6988C}.Debug|x86.ActiveCfg = Debug|Win32
		{AE04060F-F159-4530-9D7D-192AE9F6988C}.Debug|x86.Build.0 = Debug|Win32
		{AE04060F-F159-4530-9D7D-192AE9F6988C}.Release|x64.ActiveCfg = Release|x64
		{AE04060F-F159-4530-9D7D-192AE9F6988C}.Release|x64.Build.0 = Release|x64
		{AE04060F-F159-4530-9D7D-192AE9F6988C}.Release|x86.ActiveCfg = Release|Win32
		{AE04060F-F159-4530-9D7D-192AE9F6988C}.Release|x86.Build.0 = Release|Win32
		{57C9960D-591A-4CFA-8FA9-DBD1F8663707}.Debug|x64.ActiveCfg = Debug|x64
		{57C9960D-591A-4CFA-8FA9-DBD1F8663707}.Debug|x64.Build.0 = Debug|x64
		{57C9960D-591A-4CFA-8FA9-DBD1F8663707}.Debug|x86.ActiveCfg = Debug|Win32
		{57C9960D-591A-4CFA-8FA9-DBD1F8663707}.Debug|x86.Build.0 = Debug|Win32
		{57C9960D-591A-4CFA-8FA9-DBD1F8663707}.Release|x64.ActiveCfg = Release|x64
		{57C9960D-591A-4CFA-8FA9-DBD1F8663707}.Release|x64.Build.0 = Release|x64
		{57C9960D-591A-4CFA-8FA9-DBD1F8663707}.Release|x86.ActiveCfg = Release|Win32
		{57C9960D-591A-4CFA-8FA9-DBD1F8663707}.Release|x86.Build.0 = Release|Win32
		{0D6BF6F1-6421-4D7A-A2F0-5AF300C5F93F}.Debug|x64.ActiveCfg = Debug|x64
		{0D6BF6F1-6421-4D7A-A2F0-5AF300C5F93F}.Debug|x64.Build.0 = Debug|x64
		{0D6BF6F1-6421-4D7A-A2F0-5AF300C5F93F}.Debug|x86.ActiveCfg = Debug|Win32
		{0D6BF6F1-6421-4D7A-A2F0-5AF300C5F93F}.Debug|x86.Build.0 = Debug|Win32
		{0D6BF6F1-6421-4D7A-A2F0-5AF300C5F93F}.Release|x64.ActiveCfg = Release|x64
		{0D6BF6F1-6421-4D7A-A2F0-5AF300C5F93F}.Release|x64.Build.0 = Release|x64
		{0D6BF6F1-6421-4D7A-A2F0-5AF300C5F93F}.Release|x86.ActiveCfg = Release|Win32
		{0D6BF6F1-6421-4D7A-A2F0-5AF300C5F93F}.Release|x86.Build.0 = Release|Win32
		{06B168A0-9378-4C09-83CE-D42812B862B7}.Debug|x64.ActiveCfg = Debug|x64
		{06B168A0-9378-4C09-83CE-D42812B862B7}.Debug|x64.Build.0 = Debug|x64
		{06B168A0-9378-4C09-83CE-D42812B862B7}.Debug|x86.ActiveCfg = Debug|Win32
		{06B168A0-9378-4C09-83CE-D42812B862B7}.Debug|x86.Build.0 = Debug|Win32
		{06B168A0-9378-4C09-83CE-D42812B862B7}.Release|x64.ActiveCfg = Release|x64
		{06B168A0-9378-4C09-83CE-D42812B862B7}.Release|x64.Build.0 = Release|x64
		{06B168A0-9378-4C09-83CE-D42812B862B7}.Release|x86.ActiveCfg = Release|Win32
		{06B168A0-9378-4C09-83CE-D42812B862B7}.Release|x86.Build.0 = Release|Win32
		{B19D5A53-9C15-4CF0-813B-8412B6218E7B}.Debug|x64.ActiveCfg = Debug|x64
		{B19D5A53-9C15-4CF0-813B-8412B6218E7B}.Debug|x64.Build.0 = Debug|x64
		{B19D5A53-9C15-4CF0-813B-8412B6218E7B}.Debug|x86.ActiveCfg = Debug|Win32
		{B19D5A53-9C15-4CF0-813B-8412B6218E7B}.Debug|x86.Build.0 = Debug|Win32
		{B19D5A53-9C15-4CF0-813B-8412B6218E7B}.Release|x64.ActiveCfg = Release|x64
		{B19D5A53-9C15-4CF0-813B-8412B6218E7B}.Release|x64.Build.0 = Release|x64
		{B19D5A53-9C15-4CF0-813B-8412B6218E7B}.Release|x86.ActiveCfg = Release|Win32
		{B19D5A53-9C15-4CF0-813B-8412B6218E7B}.Release|x86.Build.0 = Release|Win32
		{56B7EEC2-E5B6-46FD-A99B-50F9A9B3613B}.Debug|x64.ActiveCfg = Debug|x64
		{56B7EEC2-E5B6-46FD-A99B-50F9A9B3613B}.Debug|x64.Build.0 = Debug|x64
		{56B7EEC2-E5B6-46FD-A99B-50F9A9B3613B}.Debug|x86.ActiveCfg = Debug|Win32
		{56B7EEC2-E5B6-46FD-A99B-50F9A9B3613B}.Debug|x86.Build.0 = Debug|Win32
		{56B7EEC2-E5B6-46FD-A99B-50F9A9B3613B}.Release|x64.ActiveCfg = Release|x64
		{56B7EEC2-E5B6-46FD-A99B-50F9A9B3613B}.Release|x64.Build.0 = Release|x64
		{56B7EEC2-E5B6-46FD-A99B-50F9A9B3613B}.Release|x86.ActiveCfg = Release|Win32
		{56B7EEC2-E5B6-46FD-A99B-50F9A9B3613B}.Release|x86.Build.0 = Release|Win32
		{E7AC9B08-B862-4F0B-A294-1D512C28E25C}.Debug|x64.ActiveCfg = Debug|x64
		{E7AC9B08-B862-4F0B-A294-1D512C28E25C}.Debug|x64.Build.0 = Debug|x64
		{E7AC9B08-B862-4F0B-A294-1D512C28E25C}.Debug|x86.ActiveCfg = Debug|Win32
		{E7AC9B08-B862-4F0B-A294-1D512C28E25C}.Debug|x86.Build.0 = Debug|Win32
		{E7AC9B08-B862-4F0B-A294-1D512C28E25C}.Release|x64.ActiveCfg = Release|x64
		{E7AC9B08-B862-4F0B-A294-1D512C28E25C}.Release|x64.Build.0 = Release|x64
		{E7AC9B08-B862-4F0B-A294-1D512C28E25C}.Release|x86.ActiveCfg = Release|Win32
		{E7AC9B08-B862-4F0B-A294-1D512C28E25C}.Release|x86.Build.0 = Release|Win32
		{8698F7DB-CFE9-4669-BBE6-42EBB05E86BB}.Debug|x64.ActiveCfg = Debug|x64
		{8698F7DB-CFE9-4669-BBE6-42EBB05E86BB}.Debug|x64.Build.0 = Debug|x64
		{8698F7DB-CFE9-4669-BBE6-42EBB05E86BB}.Debug|x86.ActiveCfg = Debug|Win32
		{8698F7DB-CFE9-4669-BBE6-42EBB05E86BB}.Debug|x86.Build.0 = Debug|Win32
		{8698F7DB-CFE9-4669-BBE6-42EBB05E86BB}.Release|x64.ActiveCfg = Release|x64
		{8698F7DB-CFE9-4669-BBE6-42EBB05E86BB}.Release|x64.Build.0 = Release|x64
		{8698F7DB-CFE9-4669-BBE6-42EBB05E86BB}.Release|x86.ActiveCfg = Release|Win32
		{8698F7DB-CFE9-4669-BBE6-42EBB05E86BB}.Release|x86.Build.0 = Release|Win32
		{7105D227-B9CF-4A35-B543-B5FF31F1B4F7}.Debug|x64.ActiveCfg = Debug|x64
		{7105D227-B9CF-4A35-B543-B5FF31F1B4F7}.Debug|x64.Build.0 = Debug|x64
		{7105D227-B9CF-4A35-B543-B5FF31F1B4F7}.Debug|x86.ActiveCfg = Debug|Win32
		{7105D227-B9CF-4A35-B543-B5FF31F1B4F7}.Debug|x86.Build.0 = Debug|Win32
		{7105D227-B9CF-4A35-B543-B5FF31F1B4F7}.Release|x64.ActiveCfg = Release|x64
		{7105D227-B9CF-4A35-B543-B5FF31F1B4F7}.Release|x64.Build.0 = Release|x64
		{7105D227-B9CF-4A35-B543-B5FF31F1B4F7}.Release|x86.ActiveCfg = Release|Win32
		{7105D227-B9CF-4A35-B543-B5FF31F1B4F7}.Release|x86.Build.0 = Release|Win32
		{A7C7BA2D-3771-4B99-9DFD-4C09AFA27344}.Debug|x64.ActiveCfg = Debug|x64
		{A7C7BA2D-3771-4B99-9DFD-4C09AFA27344}.Debug|x64.Build.0 = Debug|x64
		{A7C7BA2D-3771-4B99-9DFD-4C09AFA27344}.Debug|x86.ActiveCfg = Debug|Win32
		{A7C7BA2D-3771-4B99-9DFD-4C09AFA27344}.Debug|x86.Build.0 = Debug|Win32
		{A7C7BA2D-3771-4B99-9DFD-4C09AFA27344}.Release|x64.ActiveCfg = Release|x64
		{A7C7BA2D-3771-4B99-9DFD-4C09AFA27344}.Release|x64.Build.0 = Release|x64
		{A7C7BA2D-3771-4B99-9DFD-4C09AFA27344}.Release|x86.ActiveCfg = Release|Win32
		{A7C7BA2D-3771-4B99-9DFD-4C09AFA27344}.Release|x86.Build.0 = Release|Win32
		{01B029B6-6D06-47C5-B2D7-464C26D54F16}.Debug|x64.ActiveCfg = Debug|x64
		{01B029B6-6D06-47C5-B2D7-464C26D54F16}.Debug|x64.Build.0 = Debug|x64
		{01B029B6-6D06-47C5-B2D7-464C26D54F16}.Debug|x86.ActiveCfg = Debug|Win32
		{01B029B6-6D06-47C5-B2D7-464C26D54F16}.Debug|x86.Build.0 = Debug|Win32
		{01B029B6-6D06-47C5-B2D7-464C26D54F16}.Release|x64.ActiveCfg = Release|x64
		{01B029B6-6D06-47C5-B2D7-464C26D54F16}.Release|x64.Build.0 = Release|x64
		{01B029B6-6D06-47C5-B2D7-464C26D54F16}.Release|x86.ActiveCfg = Release|Win32
		{01B029B6-6D06-47C5-B2D7-464C26D54F16}.Release|x86.Build.0 = Release|Win32
		{B8A0A402-593E-4923-8AD4-5DCD1DFDF4F2}.Debug|x64.ActiveCfg = Debug|x64
		{B8A0A402-593E-4923-8AD4-5DCD1DFDF4F2}.Debug|x64.Build.0 = Debug|x64
		{B8A0A402-593E-4923-8AD4-5DCD1DFDF4F2}.Debug|x86.ActiveCfg = Debug|Win32
		{B8A0A402-593E-4923-8AD4-5DCD1DFDF4F2}.Debug|x86.Build.0 = Debug|Win32
		{B8A0A402-593E-4923-8AD4-5DCD1DFDF4F2}.Release|x64.ActiveCfg = Release|x64
		{B8A0A402-593E-4923-8AD4-5DCD1DFDF4F2}.Release|x64.Build.0 = Release|x64
		{B8A0A402-593E-4923-8AD4-5DCD1DFDF4F2}.Release|x86.ActiveCfg = Release|Win32
		{B8A0A402-593E-4923-8AD4-5DCD1DFDF4F2}.Release|x86.Build.0 = Release|Win32
		{F817524C-BE05-42B4-BB4C-6C79E34C02C4}.Debug|x64.ActiveCfg = Debug|x64
		{F817524C-BE05-42B4-BB4C-6C79E34C02C4}.Debug|x64.Build.0 = Debug|x64
		{F817524C-BE05-42B4-BB4C-6C79E34C02C4}.Debug|x86.ActiveCfg = Debug|Win32
		{F817524C-BE05-42B4-BB4C-6C79E34C02C4}.Debug|x86.Build.0 = Debug|Win32
		{F817524C-BE05-42B4-BB4C-6C79E34C02C4}.Release|x64.ActiveCfg = Release|x64
		{F817524C-BE05-42B4-BB4C-6C79E34C02C4}.Release|x64.Build.0 = Release|x64
		{F817524C-BE05-42B4-BB4C-6C79E34C02C4}.Release|x86.ActiveCfg = Release|Win32
		{F817524C-BE05-42B4-BB4C-6C79E34C02C4}.Release|x86.Build.0 = Release|Win32
		{E0F6DDC6-B1B7-487F-B37F-FE528D4A47E4}.Debug|x64.ActiveCfg = Debug|x64
		{E0F6DDC6-B1B7-487F-B37F-FE528D4A47E4}.Debug|x64.Build.0 = Debug|x64
		{E0F6DDC6-B1B7-487F-B37F-FE528D4A47E4}.Debug|x86.ActiveCfg = Debug|Win32
		{E0F6DDC6-B1B7-487F-B37F-FE528D4A47E4}.Debug|x86.Build.0 = Debug|Win32
		{E0F6DDC6-B1B7-487F-B37F-FE528D4A47E4}.Release|x64.ActiveCfg = Release|x64
		{E0F6DDC6-B1B7-487F-B37F-FE528D4A47E4}.Release|x64.Build.0 = Release|x64
		{E0F6DDC6-B1B7-487F-B37F-FE528D4A47E4}.Release|x86.ActiveCfg = Release|Win32
		{E0F6DDC6-B1B7-487F-B37F-FE528D4A47E4}.Release|x86.Build.0 = Release|Win32
		{99999BFB-D48D-42ED-8B1F-A331E5EF6967}.Debug|x64.ActiveCfg = Debug|x64
		{99999BFB-D48D-42ED-8B1F-A331E5EF6967}.Debug|x64.Build.0 = Debug|x64
		{99999BFB-D48D-42ED-8B1F-A331E5EF6967}.Debug|x86.ActiveCfg = Debug|Win32
		{99999BFB-D48D-42ED-8B1F-A331E5EF6967}.Debug|x86.Build.0 = Debug|Win32
		{99999BFB-D48D-42ED-8B1F-A331E5EF6967}.Release|x64.ActiveCfg = Release|x64
		{99999BFB-D48D-42ED-8B1F-A331E5EF6967}.Release|x64.Build.0 = Release|x64
		{99999BFB-D48D-42ED-8B1F-A331E5EF6967}.Release|x86.ActiveCfg = Release|Win32
		{99999BFB-D48D-42ED-8B1F-A331E5EF6967}.Release|x86.Build.0 = Release|Win32
		{DEBAB585-EC92-4EB5-B77D-54F1A7DBB877}.Debug|x64.ActiveCfg = Debug|x64
		{DEBAB585-EC92-4EB5-B77D-54F1A7DBB877}.Debug|x64.Build.0 = Debug|x64
		{DEBAB585-EC92-4EB5-B77D-54F1A7DBB877}.Debug|x86.ActiveCfg = Debug|Win32
		{DEBAB585-EC92-4EB5-B77D-54F1A7DBB877}.Debug|x86.Build.0 = Debug|Win32
		{DEBAB585-EC92-4EB5-B77D-54F1A7DBB877}.Release|x64.ActiveCfg = Release|x64
		{DEBAB585-EC92-4EB5-B77D-54F1A7DBB877}.Release|x64.Build.0 = Release|x64
		{DEBAB585-EC92-4EB5-B77D-54F1A7DBB877}.Release|x86.ActiveCfg = Release|Win32
		{DEBAB585-EC92-4EB5-B77D-54F1A7DBB877}.Release|x86.Build.0 = Release|Win32
		{B0527266-9F53-4AC2-9914-920902702341}.Debug|x64.ActiveCfg = Debug|x64
		{B0527266-9F53-4AC2-9914-920902702341}.Debug|x64.Build.0 = Debug|x64
		{B0527266-9F53-4AC2-9914-920902702341}.Debug|x86.ActiveCfg = Debug|Win32
		{B0527266-9F53-4AC2-9914-920902702341}.Debug|x86.Build.0 = Debug|Win32
		{B0527266-9F53-4AC2-9914-920902702341}.Release|x64.ActiveCfg = Release|x64
		{B0527266-9F53-4AC2-9914-920902702341}.Release|x64.Build.0 = Release|x64
		{B0527266-9F53-4AC2-9914-920902702341}.Release|x86.ActiveCfg = Release|Win32
		{B0527266-9F53-4AC2-9914-920902702341}.Release|x86.Build.0 = Release|Win32
		{DF9659E1-AC13-4C5D-91B6-BA7451D3A4B9}.Debug|x64.ActiveCfg = Debug|x64
		{DF9659E1-AC13-4C5D-91B6-BA7451D3A4B9}.Debug|x64.Build.0 = Debug|x64
		{DF9659E1-AC13-4C5D-91B6-BA7451D3A4B9}.Debug|x86.ActiveCfg = Debug|Win32
		{DF9659E1-AC13-4C5D-91B6-BA7451D3A4B9}.Debug|x86.Build.0 = Debug|Win32
		{DF9659E1-AC13-4C5D-91B6-BA7451D3A4B9}.Release|x64.ActiveCfg = Release|x64
		{DF9659E1-AC13-4C5D-91B6-BA7451D3A4B9}.Release|x64.Build.0 = Release|x64
		{DF9659E1-AC13-4C5D-91B6-BA7451D3A4B9}.Release|x86.ActiveCfg = Release|Win32
		{DF9659E1-AC13-4C5D-91B6-BA7451D3A4B9}.Release|x86.Build.0 = Release|Win32
		{BE085671-14AC-4D9C-9BBA-C993B0B2068A}.Debug|x64.ActiveCfg = Debug|x64
		{BE085671-14AC-4D9C-9BBA-C993B0B2068A}.Debug|x64.Build.0 = Debug|x64
		{BE085671-14AC-4D9C-9BBA-C993B0B2068A}.Debug|x86.ActiveCfg = Debug|Win32
		{BE085671-14AC-4D9C-9BBA-C993B0B2068A}.Debug|x86.Build.0 = Debug|Win32
		{BE085671-14AC-4D9C-9BBA-C993B0B2068A}.Release|x64.ActiveCfg = Release|x64
		{BE085671-14AC-4D9C-9BBA-C993B0B2068A}.Release|x64.Build.0 = Release|x64
		{BE085671-14AC-4D9C-9BBA-C993B0B2068A}.Release|x86.ActiveCfg = Release|Win32
		{BE085671-14AC-4D9C-9BBA-C993B0B2068A}.Release|x86.Build.0 = Release|Win32
		{6C19E243-1C43-4FA4-9616-236515A99DF3}.Debug|x64.ActiveCfg = Debug|x64
		{6C19E243-1C43-4FA4-9616-236515A99DF3}.Debug|x64.Build.0 = Debug|x64
		{6C19E243-1C43-4FA4-9616-236515A99DF3}.Debug|x86.ActiveCfg = Debug|Win32
		{6C19E243-1C43-4FA4-9616-236515A99DF3}.Debug|x86.Build.0 = Debug|Win32
		{6C19E243-1C43-4FA4-9616-236515A99DF3}.Release|x64.ActiveCfg = Release|x64
		{6C19E243-1C43-4FA4-9616-236515A99DF3}.Release|x64.Build.0 = Release|x64
		{6C19E243-1C43-4FA4-9616-236515A99DF3}.Release|x86.ActiveCfg = Release|Win32
		{6C19E243-1C43-4FA4-9616-236515A99DF3}.Release|x86.Build.0 = Release|Win32
		{32564532-16D7-49E6-9ABF-0C5B708EF428}.Debug|x64.ActiveCfg = Debug|x64
		{32564532-16D7-49E6-9ABF-0C5B708EF428}.Debug|x64.Build.0 = Debug|x64
		{32564532-16D7-49E6-9ABF-0C5B708EF428}.Debug|x86.ActiveCfg = Debug|Win32
		{32564532-16D7-49E6-9ABF-0C5B708EF428}.Debug|x86.Build.0 = Debug|Win32
		{32564532-16D7-49E6-9ABF-0C5B708EF428}.Release|x64.ActiveCfg = Release|x64
		{32564532-16D7-49E6-9ABF-0C5B708EF428}.Release|x64.Build.0 = Release|x64
		{32564532-16D7-49E6-9ABF-0C5B708EF428}.Release|x86.ActiveCfg = Release|Win32
		{32564532-16D7-49E6-9ABF-0C5B708EF428}.Release|x86.Build.0 = Release|Win32
		{4A48FD16-0C7C-459D-878B-A90034B4D41C}.Debug|x64.ActiveCfg = Debug|x64
		{4A48FD16-0C7C-459D-878B-A90034B4D41C}.Debug|x64.Build.0 = Debug|x64
		{4A48FD16-0C7C-459D-878B-A90034B4D41C}.Debug|x86.ActiveCfg = Debug|Win32
		{4A48FD16-0C7C-459D-878B-A90034B4D41C}.Debug|x86.Build.0 = Debug|Win32
		{4A48FD16-0C7C-459D-878B-A90034B4D41C}.Release|x64.ActiveCfg = Release|x64
		{4A48FD16-0C7C-459D-878B-A90034B4D41C}.Release|x64.Build.0 = Release|x64
		{4A48FD16-0C7C-459D-878B-A90034B4D41C}.Release|x86.ActiveCfg = Release|Win32
		{4A48FD16-0C7C-459D-878B-A90034B4D41C}.Release|x86.Build.0 = Release|Win32
		{61B3F574-90CC-4A70-A8CC-25CE8BCDE2BC}.Debug|x64.ActiveCfg = Debug|x64
		{61B3F574-90CC-4A70-A8CC-25CE8BCDE2BC}.Debug|x64.Build.0 = Debug|x64
		{61B3F574-90CC-4A70-A8CC-25CE8BCDE2BC}.Debug|x86.ActiveCfg = Debug|Win32
		{61B3F574-90CC-4A70-A8CC-25CE8BCDE2BC}.Debug|x86.Build.0 = Debug|Win32
		{61B3F574-90CC-4A70-A8CC-25CE8BCDE2BC}.Release|x64.ActiveCfg = Release|x64
		{61B3F574-90CC-4A70-A8CC-25CE8BCDE2BC}.Release|x64.Build.0 = Release|x64
		{61B3F574-90CC-4A70-A8CC-25CE8BCDE2BC}.Release|x86.ActiveCfg = Release|Win32
		{61B3F574-90CC-4A70-A8CC-25CE8BCDE2BC}.Release|x86.Build.0 = Release|Win32
	EndGlobalSection
	GlobalSection(SolutionProperties) = preSolution
		HideSolutionNode = FALSE
	EndGlobalSection
	GlobalSection(NestedProjects) = preSolution
		{769490A3-5455-421B-90AA-C4FDE1AF4F3F} = {72B63BCF-9E34-4EBC-BE9F-F9CF3DB3851B}
		{F2CA5B4E-E828-46E0-A17D-4AD27EFA5473} = {769490A3-5455-421B-90AA-C4FDE1AF4F3F}
		{AE04060F-F159-4530-9D7D-192AE9F6988C} = {769490A3-5455-421B-90AA-C4FDE1AF4F3F}
		{57C9960D-591A-4CFA-8FA9-DBD1F8663707} = {769490A3-5455-421B-90AA-C4FDE1AF4F3F}
		{0D6BF6F1-6421-4D7A-A2F0-5AF300C5F93F} = {769490A3-5455-421B-90AA-C4FDE1AF4F3F}
		{06B168A0-9378-4C09-83CE-D42812B862B7} = {769490A3-5455-421B-90AA-C4FDE1AF4F3F}
		{B19D5A53-9C15-4CF0-813B-8412B6218E7B} = {769490A3-5455-421B-90AA-C4FDE1AF4F3F}
		{56B7EEC2-E5B6-46FD-A99B-50F9A9B3613B} = {769490A3-5455-421B-90AA-C4FDE1AF4F3F}
		{E7AC9B08-B862-4F0B-A294-1D512C28E25C} = {769490A3-5455-421B-90AA-C4FDE1AF4F3F}
		{CDE4EAD5-D452-4AA7-9DE0-B4CB92EF563F} = {72B63BCF-9E34-4EBC-BE9F-F9CF3DB3851B}
		{8698F7DB-CFE9-4669-BBE6-42EBB05E86BB} = {CDE4EAD5-D452-4AA7-9DE0-B4CB92EF563F}
		{7105D227-B9CF-4A35-B543-B5FF31F1B4F7} = {CDE4EAD5-D452-4AA7-9DE0-B4CB92EF563F}
		{D9EA312A-3BB1-40E6-A41F-9B62B8D43BC9} = {72B63BCF-9E34-4EBC-BE9F-F9CF3DB3851B}
		{A7C7BA2D-3771-4B99-9DFD-4C09AFA27344} = {D9EA312A-3BB1-40E6-A41F-9B62B8D43BC9}
		{01B029B6-6D06-47C5-B2D7-464C26D54F16} = {D9EA312A-3BB1-40E6-A41F-9B62B8D43BC9}
		{B8A0A402-593E-4923-8AD4-5DCD1DFDF4F2} = {CDE4EAD5-D452-4AA7-9DE0-B4CB92EF563F}
		{51A61E13-27BD-4237-BCA5-E9DB36615450} = {72B63BCF-9E34-4EBC-BE9F-F9CF3DB3851B}
		{F817524C-BE05-42B4-BB4C-6C79E34C02C4} = {51A61E13-27BD-4237-BCA5-E9DB36615450}
		{E0F6DDC6-B1B7-487F-B37F-FE528D4A47E4} = {51A61E13-27BD-4237-BCA5-E9DB36615450}
		{D36FE306-D99B-4362-AA00-687F8FE654A4} = {72B63BCF-9E34-4EBC-BE9F-F9CF3DB3851B}
		{99999BFB-D48D-42ED-8B1F-A331E5EF6967} = {D36FE306-D99B-4362-AA00-687F8FE654A4}
		{DEBAB585-EC92-4EB5-B77D-54F1A7DBB877} = {D36FE306-D99B-4362-AA00-687F8FE654A4}
		{2882435F-8A05-4095-AA01-9643787E301A} = {72B63BCF-9E34-4EBC-BE9F-F9CF3DB3851B}
		{B0527266-9F53-4AC2-9914-920902702341} = {2882435F-8A05-4095-AA01-9643787E301A}
		{DF9659E1-AC13-4C5D-91B6-BA7451D3A4B9} = {51A61E13-27BD-4237-BCA5-E9DB36615450}
		{392FAA6E-928A-4BCF-A651-1DCA1C0D8B7F} = {72B63BCF-9E34-4EBC-BE9F-F9CF3DB3851B}
		{BE085671-14AC-4D9C-9BBA-C993B0B2068A} = {392FAA6E-928A-4BCF-A651-1DCA1C0D8B7F}
		{6C19E243-1C43-4FA4-9616-236515A99DF3} = {392FAA6E-928A-4BCF-A651-1DCA1C0D8B7F}
		{08075602-8058-401C-980D-062DA99EC523} = {FBBBECD0-36DE-4DEE-A748-F646A8EB1523}
		{32564532-16D7-49E6-9ABF-0C5B708EF428} = {08075602-8058-401C-980D-062DA99EC523}
		{4A48FD16-0C7C-459D-878B-A90034B4D41C} = {08075602-8058-401C-980D-062DA99EC523}
		{61B3F574-90CC-4A70-A8CC-25CE8BCDE2BC} = {08075602-8058-401C-980D-062DA99EC523}
	EndGlobalSection
	GlobalSection(ExtensibilityGlobals) = postSolution
		SolutionGuid = {7D426178-7866-4C27-B5FA-BFB0B95F1574}
	EndGlobalSection
EndGlobal
