
Microsoft Visual Studio Solution File, Format Version 12.00
# Visual Studio Version 17
VisualStudioVersion = 17.8.34330.188
MinimumVisualStudioVersion = 10.0.40219.1
Project("{2150E333-8FDC-42A3-9474-1A3956D46DE8}") = "ArrayImplementation", "ArrayImplementation", "{769490A3-5455-421B-90AA-C4FDE1AF4F3F}"
EndProject
Project("{8BC9CEB8-8B4A-11D0-8D11-00A0C91BC942}") = "RemoveElements", "RemoveElements\RemoveElements.vcxproj", "{F2CA5B4E-E828-46E0-A17D-4AD27EFA5473}"
EndProject
Project("{8BC9CEB8-8B4A-11D0-8D11-00A0C91BC942}") = "Arrays", "Arrays\Arrays.vcxproj", "{AE04060F-F159-4530-9D7D-192AE9F6988C}"
EndProject
Project("{8BC9CEB8-8B4A-11D0-8D11-00A0C91BC942}") = "MergeArray", "MergeArray\MergeArray.vcxproj", "{57C9960D-591A-4CFA-8FA9-DBD1F8663707}"
EndProject
Project("{8BC9CEB8-8B4A-11D0-8D11-00A0C91BC942}") = "MoveZeroes", "MoveZeroes\MoveZeroes.vcxproj", "{0D6BF6F1-6421-4D7A-A2F0-5AF300C5F93F}"
EndProject
Project("{8BC9CEB8-8B4A-11D0-8D11-00A0C91BC942}") = "ReverseString", "ReverseString\ReverseString.vcxproj", "{06B168A0-9378-4C09-83CE-D42812B862B7}"
EndProject
Project("{8BC9CEB8-8B4A-11D0-8D11-00A0C91BC942}") = "SearchArrayElement", "SearchArrayElement\SearchArrayElement.vcxproj", "{B19D5A53-9C15-4CF0-813B-8412B6218E7B}"
EndProject
Project("{8BC9CEB8-8B4A-11D0-8D11-00A0C91BC942}") = "ArrayCompare", "ArrayCompare\ArrayCompare.vcxproj", "{56B7EEC2-E5B6-46FD-A99B-50F9A9B3613B}"
EndProject
Project("{8BC9CEB8-8B4A-11D0-8D11-00A0C91BC942}") = "FindPairs", "FindPairs\FindPairs.vcxproj", "{E7AC9B08-B862-4F0B-A294-1D512C28E25C}"
EndProject
Project("{2150E333-8FDC-42A3-9474-1A3956D46DE8}") = "LinkedList", "LinkedList", "{CDE4EAD5-D452-4AA7-9DE0-B4CB92EF563F}"
EndProject
Project("{8BC9CEB8-8B4A-11D0-8D11-00A0C91BC942}") = "LinkedLists", "LinkedLists\LinkedLists.vcxproj", "{8698F7DB-CFE9-4669-BBE6-42EBB05E86BB}"
EndProject
Project("{8BC9CEB8-8B4A-11D0-8D11-00A0C91BC942}") = "CircularSinglyLinkedList", "CircularSinglyLinkedList\CircularSinglyLinkedList.vcxproj", "{7105D227-B9CF-4A35-B543-B5FF31F1B4F7}"
EndProject
Global
	GlobalSection(SolutionConfigurationPlatforms) = preSolution
		Debug|x64 = Debug|x64
		Debug|x86 = Debug|x86
		Release|x64 = Release|x64
		Release|x86 = Release|x86
	EndGlobalSection
	GlobalSection(ProjectConfigurationPlatforms) = postSolution
		{F2CA5B4E-E828-46E0-A17D-4AD27EFA5473}.Debug|x64.ActiveCfg = Debug|x64
		{F2CA5B4E-E828-46E0-A17D-4AD27EFA5473}.Debug|x64.Build.0 = Debug|x64
		{F2CA5B4E-E828-46E0-A17D-4AD27EFA5473}.Debug|x86.ActiveCfg = Debug|Win32
		{F2CA5B4E-E828-46E0-A17D-4AD27EFA5473}.Debug|x86.Build.0 = Debug|Win32
		{F2CA5B4E-E828-46E0-A17D-4AD27EFA5473}.Release|x64.ActiveCfg = Release|x64
		{F2CA5B4E-E828-46E0-A17D-4AD27EFA5473}.Release|x64.Build.0 = Release|x64
		{F2CA5B4E-E828-46E0-A17D-4AD27EFA5473}.Release|x86.ActiveCfg = Release|Win32
		{F2CA5B4E-E828-46E0-A17D-4AD27EFA5473}.Release|x86.Build.0 = Release|Win32
		{AE04060F-F159-4530-9D7D-192AE9F6988C}.Debug|x64.ActiveCfg = Debug|x64
		{AE04060F-F159-4530-9D7D-192AE9F6988C}.Debug|x64.Build.0 = Debug|x64
		{AE04060F-F159-4530-9D7D-192AE9F6988C}.Debug|x86.ActiveCfg = Debug|Win32
		{AE04060F-F159-4530-9D7D-192AE9F6988C}.Debug|x86.Build.0 = Debug|Win32
		{AE04060F-F159-4530-9D7D-192AE9F6988C}.Release|x64.ActiveCfg = Release|x64
		{AE04060F-F159-4530-9D7D-192AE9F6988C}.Release|x64.Build.0 = Release|x64
		{AE04060F-F159-4530-9D7D-192AE9F6988C}.Release|x86.ActiveCfg = Release|Win32
		{AE04060F-F159-4530-9D7D-192AE9F6988C}.Release|x86.Build.0 = Release|Win32
		{57C9960D-591A-4CFA-8FA9-DBD1F8663707}.Debug|x64.ActiveCfg = Debug|x64
		{57C9960D-591A-4CFA-8FA9-DBD1F8663707}.Debug|x64.Build.0 = Debug|x64
		{57C9960D-591A-4CFA-8FA9-DBD1F8663707}.Debug|x86.ActiveCfg = Debug|Win32
		{57C9960D-591A-4CFA-8FA9-DBD1F8663707}.Debug|x86.Build.0 = Debug|Win32
		{57C9960D-591A-4CFA-8FA9-DBD1F8663707}.Release|x64.ActiveCfg = Release|x64
		{57C9960D-591A-4CFA-8FA9-DBD1F8663707}.Release|x64.Build.0 = Release|x64
		{57C9960D-591A-4CFA-8FA9-DBD1F8663707}.Release|x86.ActiveCfg = Release|Win32
		{57C9960D-591A-4CFA-8FA9-DBD1F8663707}.Release|x86.Build.0 = Release|Win32
		{0D6BF6F1-6421-4D7A-A2F0-5AF300C5F93F}.Debug|x64.ActiveCfg = Debug|x64
		{0D6BF6F1-6421-4D7A-A2F0-5AF300C5F93F}.Debug|x64.Build.0 = Debug|x64
		{0D6BF6F1-6421-4D7A-A2F0-5AF300C5F93F}.Debug|x86.ActiveCfg = Debug|Win32
		{0D6BF6F1-6421-4D7A-A2F0-5AF300C5F93F}.Debug|x86.Build.0 = Debug|Win32
		{0D6BF6F1-6421-4D7A-A2F0-5AF300C5F93F}.Release|x64.ActiveCfg = Release|x64
		{0D6BF6F1-6421-4D7A-A2F0-5AF300C5F93F}.Release|x64.Build.0 = Release|x64
		{0D6BF6F1-6421-4D7A-A2F0-5AF300C5F93F}.Release|x86.ActiveCfg = Release|Win32
		{0D6BF6F1-6421-4D7A-A2F0-5AF300C5F93F}.Release|x86.Build.0 = Release|Win32
		{06B168A0-9378-4C09-83CE-D42812B862B7}.Debug|x64.ActiveCfg = Debug|x64
		{06B168A0-9378-4C09-83CE-D42812B862B7}.Debug|x64.Build.0 = Debug|x64
		{06B168A0-9378-4C09-83CE-D42812B862B7}.Debug|x86.ActiveCfg = Debug|Win32
		{06B168A0-9378-4C09-83CE-D42812B862B7}.Debug|x86.Build.0 = Debug|Win32
		{06B168A0-9378-4C09-83CE-D42812B862B7}.Release|x64.ActiveCfg = Release|x64
		{06B168A0-9378-4C09-83CE-D42812B862B7}.Release|x64.Build.0 = Release|x64
		{06B168A0-9378-4C09-83CE-D42812B862B7}.Release|x86.ActiveCfg = Release|Win32
		{06B168A0-9378-4C09-83CE-D42812B862B7}.Release|x86.Build.0 = Release|Win32
		{B19D5A53-9C15-4CF0-813B-8412B6218E7B}.Debug|x64.ActiveCfg = Debug|x64
		{B19D5A53-9C15-4CF0-813B-8412B6218E7B}.Debug|x64.Build.0 = Debug|x64
		{B19D5A53-9C15-4CF0-813B-8412B6218E7B}.Debug|x86.ActiveCfg = Debug|Win32
		{B19D5A53-9C15-4CF0-813B-8412B6218E7B}.Debug|x86.Build.0 = Debug|Win32
		{B19D5A53-9C15-4CF0-813B-8412B6218E7B}.Release|x64.ActiveCfg = Release|x64
		{B19D5A53-9C15-4CF0-813B-8412B6218E7B}.Release|x64.Build.0 = Release|x64
		{B19D5A53-9C15-4CF0-813B-8412B6218E7B}.Release|x86.ActiveCfg = Release|Win32
		{B19D5A53-9C15-4CF0-813B-8412B6218E7B}.Release|x86.Build.0 = Release|Win32
		{56B7EEC2-E5B6-46FD-A99B-50F9A9B3613B}.Debug|x64.ActiveCfg = Debug|x64
		{56B7EEC2-E5B6-46FD-A99B-50F9A9B3613B}.Debug|x64.Build.0 = Debug|x64
		{56B7EEC2-E5B6-46FD-A99B-50F9A9B3613B}.Debug|x86.ActiveCfg = Debug|Win32
		{56B7EEC2-E5B6-46FD-A99B-50F9A9B3613B}.Debug|x86.Build.0 = Debug|Win32
		{56B7EEC2-E5B6-46FD-A99B-50F9A9B3613B}.Release|x64.ActiveCfg = Release|x64
		{56B7EEC2-E5B6-46FD-A99B-50F9A9B3613B}.Release|x64.Build.0 = Release|x64
		{56B7EEC2-E5B6-46FD-A99B-50F9A9B3613B}.Release|x86.ActiveCfg = Release|Win32
		{56B7EEC2-E5B6-46FD-A99B-50F9A9B3613B}.Release|x86.Build.0 = Release|Win32
		{E7AC9B08-B862-4F0B-A294-1D512C28E25C}.Debug|x64.ActiveCfg = Debug|x64
		{E7AC9B08-B862-4F0B-A294-1D512C28E25C}.Debug|x64.Build.0 = Debug|x64
		{E7AC9B08-B862-4F0B-A294-1D512C28E25C}.Debug|x86.ActiveCfg = Debug|Win32
		{E7AC9B08-B862-4F0B-A294-1D512C28E25C}.Debug|x86.Build.0 = Debug|Win32
		{E7AC9B08-B862-4F0B-A294-1D512C28E25C}.Release|x64.ActiveCfg = Release|x64
		{E7AC9B08-B862-4F0B-A294-1D512C28E25C}.Release|x64.Build.0 = Release|x64
		{E7AC9B08-B862-4F0B-A294-1D512C28E25C}.Release|x86.ActiveCfg = Release|Win32
		{E7AC9B08-B862-4F0B-A294-1D512C28E25C}.Release|x86.Build.0 = Release|Win32
		{8698F7DB-CFE9-4669-BBE6-42EBB05E86BB}.Debug|x64.ActiveCfg = Debug|x64
		{8698F7DB-CFE9-4669-BBE6-42EBB05E86BB}.Debug|x64.Build.0 = Debug|x64
		{8698F7DB-CFE9-4669-BBE6-42EBB05E86BB}.Debug|x86.ActiveCfg = Debug|Win32
		{8698F7DB-CFE9-4669-BBE6-42EBB05E86BB}.Debug|x86.Build.0 = Debug|Win32
		{8698F7DB-CFE9-4669-BBE6-42EBB05E86BB}.Release|x64.ActiveCfg = Release|x64
		{8698F7DB-CFE9-4669-BBE6-42EBB05E86BB}.Release|x64.Build.0 = Release|x64
		{8698F7DB-CFE9-4669-BBE6-42EBB05E86BB}.Release|x86.ActiveCfg = Release|Win32
		{8698F7DB-CFE9-4669-BBE6-42EBB05E86BB}.Release|x86.Build.0 = Release|Win32
		{7105D227-B9CF-4A35-B543-B5FF31F1B4F7}.Debug|x64.ActiveCfg = Debug|x64
		{7105D227-B9CF-4A35-B543-B5FF31F1B4F7}.Debug|x64.Build.0 = Debug|x64
		{7105D227-B9CF-4A35-B543-B5FF31F1B4F7}.Debug|x86.ActiveCfg = Debug|Win32
		{7105D227-B9CF-4A35-B543-B5FF31F1B4F7}.Debug|x86.Build.0 = Debug|Win32
		{7105D227-B9CF-4A35-B543-B5FF31F1B4F7}.Release|x64.ActiveCfg = Release|x64
		{7105D227-B9CF-4A35-B543-B5FF31F1B4F7}.Release|x64.Build.0 = Release|x64
		{7105D227-B9CF-4A35-B543-B5FF31F1B4F7}.Release|x86.ActiveCfg = Release|Win32
		{7105D227-B9CF-4A35-B543-B5FF31F1B4F7}.Release|x86.Build.0 = Release|Win32
	EndGlobalSection
	GlobalSection(SolutionProperties) = preSolution
		HideSolutionNode = FALSE
	EndGlobalSection
	GlobalSection(NestedProjects) = preSolution
		{F2CA5B4E-E828-46E0-A17D-4AD27EFA5473} = {769490A3-5455-421B-90AA-C4FDE1AF4F3F}
		{AE04060F-F159-4530-9D7D-192AE9F6988C} = {769490A3-5455-421B-90AA-C4FDE1AF4F3F}
		{57C9960D-591A-4CFA-8FA9-DBD1F8663707} = {769490A3-5455-421B-90AA-C4FDE1AF4F3F}
		{0D6BF6F1-6421-4D7A-A2F0-5AF300C5F93F} = {769490A3-5455-421B-90AA-C4FDE1AF4F3F}
		{06B168A0-9378-4C09-83CE-D42812B862B7} = {769490A3-5455-421B-90AA-C4FDE1AF4F3F}
		{B19D5A53-9C15-4CF0-813B-8412B6218E7B} = {769490A3-5455-421B-90AA-C4FDE1AF4F3F}
		{56B7EEC2-E5B6-46FD-A99B-50F9A9B3613B} = {769490A3-5455-421B-90AA-C4FDE1AF4F3F}
		{E7AC9B08-B862-4F0B-A294-1D512C28E25C} = {769490A3-5455-421B-90AA-C4FDE1AF4F3F}
		{8698F7DB-CFE9-4669-BBE6-42EBB05E86BB} = {CDE4EAD5-D452-4AA7-9DE0-B4CB92EF563F}
		{7105D227-B9CF-4A35-B543-B5FF31F1B4F7} = {CDE4EAD5-D452-4AA7-9DE0-B4CB92EF563F}
	EndGlobalSection
	GlobalSection(ExtensibilityGlobals) = postSolution
		SolutionGuid = {7D426178-7866-4C27-B5FA-BFB0B95F1574}
	EndGlobalSection
EndGlobal
